expat 2.7.1 windows arm64ec expat-2.7.1-windows-arm64ec-bca92413c0a6.7z eaab51fab021114159af38206984f6c8313dcc79f170a8149280c253b782e1c6 deps-20260701-103718
fdk-aac 2.0.3 windows arm64ec fdk-aac-2.0.3-windows-arm64ec-2abbca95f66d.7z 3935250d76ec54fab0612c941968477ef34004ef324dd87c952a90ca60a08e0a deps-20260701-103718
flac 1.4.3 windows arm64ec flac-1.4.3-windows-arm64ec-030a96f1ed76.7z c6136e9ec324d1fde5ac91372ed37b9d777519021baae5b5945fbc8e4950339f deps-20260701-103718
freetype 2.14.1 windows arm64ec freetype-2.14.1-windows-arm64ec-4a9e16193543.7z 724f22e047ffc7de214004b94b542b12e6f79c36efcc5c646b28beb51ea5f4d5 deps-20260701-103718
harfbuzz 12.3.0 windows arm64ec harfbuzz-12.3.0-windows-arm64ec-4fdb39497730.7z d7b354323a16ad53ac34dbacdf1724adf8f65186342309fae5dd427ad604ca68 deps-20260701-103718
json_schema_validator 2.4.0 windows arm64ec json_schema_validator-2.4.0-windows-arm64ec-8c19f9570820.7z e0b39db3d52eaddfde87bb98a7f171ec1d3f2650850343f51a269757abec49bd deps-20260701-103718
lame 3.100 windows arm64ec lame-3.100-windows-arm64ec-3cd1011e5ef7.7z c5c6f53c3aba26aa299aedbbfd436a547907d89af94cf9c45cdb55ec90bb000e deps-20260701-103718
libsndfile 1.2.2 windows arm64ec libsndfile-1.2.2-windows-arm64ec-470249daea5c.7z 37dd9694be561f6f7dff1eb40e88a48e0abcce52c54aed8ad954db4fc096d8d6 deps-20260701-103718
mpg123 1.32.10 windows arm64ec mpg123-1.32.10-windows-arm64ec-4b56055b8cdf.7z a0254c9a7013055e19bedf8ac633eec01fdf0b53e421918b5a32e2a9fa3d47c1 deps-20260701-103718
nlohmann_json 3.12.0 windows arm64ec nlohmann_json-3.12.0-windows-arm64ec-9e66f64b0c80.7z 3d5ac2bd4f9019651e699b663ed5ea4b2a34201ce3459ba5900214a0ee1e72c2 deps-20260701-103718
ogg 1.3.5 windows arm64ec ogg-1.3.5-windows-arm64ec-1217e7578178.7z 2d66e3656fefb93a1572acef04022bb384f9ee8298e76952635451eb3bd1af5d deps-20260701-103718
opus 1.5.2 windows arm64ec opus-1.5.2-windows-arm64ec-8665c68100ca.7z 2fc5e06e68fbaaf5fe64910f130d9dd055c2c7a544e235201dc18d2efeedac4e deps-20260701-103718
opusenc 0.2.1 windows arm64ec opusenc-0.2.1-windows-arm64ec-e620596fefe7.7z 992af3d1b95f1e622aaefed499a98cc9637de49a53603cf66b577a3b47011e38 deps-20260701-103718
opusfile 0.12 windows arm64ec opusfile-0.12-windows-arm64ec-8c7d01c587bb.7z 49ca76645eb5a91ae8445e6c251a5fa23faa8dd7ce2f09f0587ee9db272a59ac deps-20260701-103718
portaudio 19.7.0 windows arm64ec portaudio-19.7.0-windows-arm64ec-3187b486888b.7z aa094445193d074d8fb09b48b57ff079264d17692a34209f7b0127f84c329bd4 deps-20260701-103718
uncrustify 0.74.0 windows arm64ec uncrustify-0.74.0-windows-arm64ec-938407aa60db.7z 159ddf63716ba8b867d4a5e265c1711cfaa1a8534cbd87632f9633cba23a5f8e deps-20260701-103718
vorbis 1.3.7 windows arm64ec vorbis-1.3.7-windows-arm64ec-9d864b5a04e8.7z 35fe09289febd075c7208ee131d6a42ba8bb54314dc37e06e724b26f1658e939 deps-20260701-103718
wavpack 5.7.0 windows arm64ec wavpack-5.7.0-windows-arm64ec-0370bf50b138.7z ba97ccb98f9d6c9eae6dfe33b6da4f388379288d9deb7cd0a2c32442acddf86d deps-20260701-103718
wxwidgets 3.2.6 windows arm64ec wxwidgets-3.2.6-windows-arm64ec-5ad37e2f7b29.7z c5a8bcebf63e2224f7286f3235989ec33cc0950805294bff03ff09501928dc44 deps-20260701-103718
zlib 1.3.1 windows arm64ec zlib-1.3.1-windows-arm64ec-1f15b3b39530.7z f882c20e68bbd0314fd5c4a97a6f8a94f5925cb1b2e2acdb99f67ede8e0f76d1 deps-20260701-103718
