crashpad_handler ae5b334b23ec1331b13086beb73bde8168f0b386 linux aarch64 crashpad_handler-ae5b334b23ec1331b13086beb73bde8168f0b386-linux-aarch64-2795e6b53749.7z 86c3ba19fbec4117a168e83018a83fcf556a1c02f611b55cadbae6d79b6c5474 deps-20260817-100754
crashpad_handler ae5b334b23ec1331b13086beb73bde8168f0b386 linux x86_64 crashpad_handler-ae5b334b23ec1331b13086beb73bde8168f0b386-linux-x86_64-619591908f66.7z 6497038728ad4e9e978114d507784ba0b0094fee89d24bea9cfce0dfe46b84f4 deps-20260817-100754
crashpad_handler ae5b334b23ec1331b13086beb73bde8168f0b386 macos aarch64 crashpad_handler-ae5b334b23ec1331b13086beb73bde8168f0b386-macos-aarch64-c3df50530b2c.7z 10d58271c3efbdd57c2619c64e6d7e2a39de41309f5305f6c50448b5bacaa44a deps-20260817-100754
crashpad_handler ae5b334b23ec1331b13086beb73bde8168f0b386 macos universal crashpad_handler-ae5b334b23ec1331b13086beb73bde8168f0b386-macos-universal-942eb17d0edf.7z 8783d6f178cb85191444f6fe9d4ac3dcd32a98d218641f419a0f5118e78cbfca deps-20260817-100754
crashpad_handler ae5b334b23ec1331b13086beb73bde8168f0b386 macos x86_64 crashpad_handler-ae5b334b23ec1331b13086beb73bde8168f0b386-macos-x86_64-3a87df2c67a8.7z f0f3406531ace09a58bd73c69fc14153cf8290af5c1d92e879e81a4984dd0806 deps-20260817-100754
crashpad_handler ae5b334b23ec1331b13086beb73bde8168f0b386 windows aarch64 crashpad_handler-ae5b334b23ec1331b13086beb73bde8168f0b386-windows-aarch64-4d12ce2fc911.7z e28a1daec6559810a269b064ff4537e4912bce6df2fb815c2f1821920a2daba8 deps-20260817-100754
crashpad_handler ae5b334b23ec1331b13086beb73bde8168f0b386 windows x86_64 crashpad_handler-ae5b334b23ec1331b13086beb73bde8168f0b386-windows-x86_64-aa7802c7cf4c.7z 410b42bd6e48f925379eabd56291cfda80c0eab594c338e5c3d174dc8482c787 deps-20260817-100754
dump_syms 2026.06.12 linux aarch64 dump_syms-2026.06.12-linux-aarch64-48fe1d617334.7z 696bd3de5c3faca5c54ab69577d51f53b7cb80b4515edb1d9d2ec18c74d87b0c deps-20260817-100754
dump_syms 2026.06.12 linux x86_64 dump_syms-2026.06.12-linux-x86_64-e2429f1ca0a3.7z 8bae65742761214e49375d536a178a16369592ccdfa7559cfb3266e96ea60e7f deps-20260817-100754
dump_syms 2026.06.12 macos aarch64 dump_syms-2026.06.12-macos-aarch64-4a7c2f4e6f8d.7z f357418363918bd5b29a9a72a8430c0f260c9a2c42004bda05739255fcb034be deps-20260817-100754
dump_syms 2026.06.12 macos universal dump_syms-2026.06.12-macos-universal-2c0d2b136c44.7z 3bc767a346de7622286ae5ca064686693e0ba3027a3254c32af377e35271c128 deps-20260817-100754
dump_syms 2026.06.12 macos x86_64 dump_syms-2026.06.12-macos-x86_64-2eceec9abd51.7z 2e2396b2bec04e05dc15e7ed05d19b4d6273982b1c8c37a8a6acdfaf4d171aa1 deps-20260817-100754
dump_syms 2026.06.12 windows x86_64 dump_syms-2026.06.12-windows-x86_64-afadb97ed5bd.7z 7687e7a94285136c17dc6c9276f91987e03df8a9fcc5adc504e9bd6e17e2b931 deps-20260817-100754
expat 2.7.1 linux aarch64 expat-2.7.1-linux-aarch64-1345f4f3ad32.7z 42eddb3f0f8acd7fbae8a097553c5d47571de61cee4e9185cb4ccbeaef2dcc54 deps-20260817-100754
expat 2.7.1 linux x86_64 expat-2.7.1-linux-x86_64-e89b9a1e2a22.7z 481929115e9aa99cebc29adc64c80f2f728bdcafd6afb71724486d522a3fd39c deps-20260817-100754
expat 2.7.1 macos aarch64 expat-2.7.1-macos-aarch64-b864695c15bd.7z ba40cc12f39778cb16680f8529bfc8b868d63176269a82f5af0ec2a7479065a2 deps-20260817-100754
expat 2.7.1 macos universal expat-2.7.1-macos-universal-a502c26bf975.7z 7b3c406438aa156afd21a3e0c863afac2e76f4258cb463d338b4dd16c46b8255 deps-20260817-100754
expat 2.7.1 macos x86_64 expat-2.7.1-macos-x86_64-61b57b1b6b8d.7z 0755896489cceae0e26847dcde2185ce866f5b7fc47ead4947ad2adc94551cdd deps-20260817-100754
expat 2.7.1 windows aarch64 expat-2.7.1-windows-aarch64-dd1fa83e85da.7z b1722f74f6491f5218dfa8248a3e875538f689e1034b88ebf00e99160e9ff308 deps-20260817-100754
expat 2.7.1 windows x86_64 expat-2.7.1-windows-x86_64-c60ead56fc03.7z 22ddc1a3d0e99b04c31f49f83f90dcf8b4e300d8f64d5cfe7f07ada92d69681d deps-20260817-100754
fdk-aac 2.0.3 linux aarch64 fdk-aac-2.0.3-linux-aarch64-109238097f32.7z 414ee65f37737fd95dd1d15dae8bae3cb0838f21dee2360968f03306ae7d3279 deps-20260817-100754
fdk-aac 2.0.3 linux x86_64 fdk-aac-2.0.3-linux-x86_64-389c688be3b7.7z 5a6a2ad562517e7d4587d25bf0f012ce7d721e39e731c17c08a287e554fecb79 deps-20260817-100754
fdk-aac 2.0.3 macos aarch64 fdk-aac-2.0.3-macos-aarch64-57d8a03ae004.7z f6cac8076f9a30e991ea9ede1317b287a67dc9433859b3a408af917a35e52839 deps-20260817-100754
fdk-aac 2.0.3 macos universal fdk-aac-2.0.3-macos-universal-e5d65dfc08dc.7z 8a6141773bb0913650a19c2ae6b6f146ec8b16e6f9678203a521c04f40ed9465 deps-20260817-100754
fdk-aac 2.0.3 macos x86_64 fdk-aac-2.0.3-macos-x86_64-660e6338467e.7z c24de49e27e7f3134c4a1c7c485f93bb61482bd96e012be5056bc6c7aefb87da deps-20260817-100754
fdk-aac 2.0.3 windows aarch64 fdk-aac-2.0.3-windows-aarch64-bacd063382da.7z 492d8e4413897870aec433f6e412c4a3fbae3845df8de467d483653aebe64888 deps-20260817-100754
fdk-aac 2.0.3 windows x86_64 fdk-aac-2.0.3-windows-x86_64-82ca6c294c60.7z 5e8fd49cae45db2b48b21961cce05c6fc7625c458f69a29f9debb8e519c16183 deps-20260817-100754
flac 1.4.3 linux aarch64 flac-1.4.3-linux-aarch64-49edcac152d8.7z f023a4fbd32aa4ed14b5ac620d86b200319b6a3ac4751f00dec3be664770f3a4 deps-20260817-100754
flac 1.4.3 linux x86_64 flac-1.4.3-linux-x86_64-ae2ae2e0e42a.7z 04e381d0602e7740d18c1e1b872edcda6301355693a6608fa0431cf62771d8cd deps-20260817-100754
flac 1.4.3 macos aarch64 flac-1.4.3-macos-aarch64-90b2ff982879.7z 47909dfcd6dac0cbd2f19bd9a3e591aaa7b86e221eb96fc9a52a8115ffb1508b deps-20260817-100754
flac 1.4.3 macos universal flac-1.4.3-macos-universal-7bd47c0248cf.7z 7d775ab22abeea97244165fe9d0775235e4c400c861e13df569120f9baece8fa deps-20260817-100754
flac 1.4.3 macos x86_64 flac-1.4.3-macos-x86_64-a666ea1d7fbb.7z 849adc440f3baeaa9ae29a7416a988f829514a9e396388887822ba8b33719aa6 deps-20260817-100754
flac 1.4.3 windows aarch64 flac-1.4.3-windows-aarch64-4ca068033015.7z 876b4e564754c91b3194e7ba711d70d6317106a74a30d5c8726c847e7f984090 deps-20260817-100754
flac 1.4.3 windows x86_64 flac-1.4.3-windows-x86_64-0b2bfbb431a5.7z 34d3d73c9346c93e02ac303c1f3378184b24b72e1720136387e14596e6d034b6 deps-20260817-100754
freetype 2.14.1 linux aarch64 freetype-2.14.1-linux-aarch64-48e13cee2228.7z 5ca8998fbf99505086b9b96e2111662590539d401ba18b688b39ba73cbeda28b deps-20260817-100754
freetype 2.14.1 linux x86_64 freetype-2.14.1-linux-x86_64-c420818a07fe.7z 182c29f31c05b8eb0cdcf53f23d68d8a61177bf24f5ebf3ff41b104cda72ee02 deps-20260817-100754
freetype 2.14.1 macos aarch64 freetype-2.14.1-macos-aarch64-e5eb1e41a184.7z f84466f5cfe7903f5f4eead0ae7ea4383298d033676ff066a0dbefd92af51044 deps-20260817-100754
freetype 2.14.1 macos universal freetype-2.14.1-macos-universal-ce65d91bfb01.7z 3427040980ed486a6215e00a5f4f9e12468ec493d73dd98e3de2155750f5724e deps-20260817-100754
freetype 2.14.1 macos x86_64 freetype-2.14.1-macos-x86_64-98cce4cb71ce.7z f1b1ba7cc7a22f3ed977bde505d47f235731f79cf141ff3d593e659b8ff9f9f1 deps-20260817-100754
freetype 2.14.1 windows aarch64 freetype-2.14.1-windows-aarch64-a713cf39d2eb.7z 52c4a8923af84392fb9adee610d8a01c521760842b3fe399ed0e4b1b11dc6717 deps-20260817-100754
freetype 2.14.1 windows x86_64 freetype-2.14.1-windows-x86_64-d13da46f88a4.7z 5c7990454567f552e8c185ca464732c80df9331f4165b54dec802eff7b9efd02 deps-20260817-100754
harfbuzz 12.3.0 linux aarch64 harfbuzz-12.3.0-linux-aarch64-c62d7671b8b7.7z 212245e977b19398a25377462d91046a531c3698aabf65293ba4e93d39cb5a7a deps-20260817-100754
harfbuzz 12.3.0 linux x86_64 harfbuzz-12.3.0-linux-x86_64-d31385d4fdb5.7z c29cb03b6ad8d51510faeaa40f8b07a27fa759d15bc7bba1967ffeafb19a5ece deps-20260817-100754
harfbuzz 12.3.0 macos aarch64 harfbuzz-12.3.0-macos-aarch64-31007f188eb4.7z e92c099bda080488435229a3c4d55ed4045c742abc251a358401c5675442441e deps-20260817-100754
harfbuzz 12.3.0 macos universal harfbuzz-12.3.0-macos-universal-3ac241d55031.7z 533d02bba1af66cc670f309f5abaa649605d9567a81e025df49e0e863990b8f5 deps-20260817-100754
harfbuzz 12.3.0 macos x86_64 harfbuzz-12.3.0-macos-x86_64-bc9312b243e2.7z 846924808f9cdea0fab848becd737d2da0d7f8c327396d6894fd27e7cf5de4b6 deps-20260817-100754
harfbuzz 12.3.0 windows aarch64 harfbuzz-12.3.0-windows-aarch64-36fde96c1b02.7z f5f0a567ba1e09587dcee3e5344504f615732f94c33a0633c6906d6396072ad4 deps-20260817-100754
harfbuzz 12.3.0 windows x86_64 harfbuzz-12.3.0-windows-x86_64-aec2a8a3ab7f.7z 7d42ec210d6275b2a649882bd9ec6e90fde69cb3dbf528fe4f1225fe457336ec deps-20260817-100754
json_schema_validator 2.4.0 linux aarch64 json_schema_validator-2.4.0-linux-aarch64-aeb62c1f87ea.7z 23e384442232b70897fe8b58640cb08ac45c9b9fd9a86c3308ddc97fce1d3702 deps-20260817-100754
json_schema_validator 2.4.0 linux x86_64 json_schema_validator-2.4.0-linux-x86_64-a7178f7a3665.7z 3c8a53ec58869703719542862061827199841f07cb01b0fcf43ea390054ec28d deps-20260817-100754
json_schema_validator 2.4.0 macos aarch64 json_schema_validator-2.4.0-macos-aarch64-a6093c9c3931.7z a6d593b4ce3d7ea8fd92948926d9b6a10df9f205e641ec9526a0ae5e494777c6 deps-20260817-100754
json_schema_validator 2.4.0 macos universal json_schema_validator-2.4.0-macos-universal-346264abc6fc.7z 2af10068942e447ceec7f4dd22efa5a8fdcb5b69eee33dbe5b036062f41a4a5b deps-20260817-100754
json_schema_validator 2.4.0 macos x86_64 json_schema_validator-2.4.0-macos-x86_64-62ad9586786c.7z 5041889a68d4b92c30ff77c14bfd1ce42dfbee3b0185135a8b2b234f8e2c7d01 deps-20260817-100754
json_schema_validator 2.4.0 windows aarch64 json_schema_validator-2.4.0-windows-aarch64-77443924e312.7z 657ec04d2da620f44102f2313d372c6296a4b6dc2268329d5f2ba2d5a4d51519 deps-20260817-100754
json_schema_validator 2.4.0 windows x86_64 json_schema_validator-2.4.0-windows-x86_64-0cd47f8bdae4.7z 13b1cc54372beb84920f862a5f397727e19f6a6daaddd0abc9dfdfdaaf5d9190 deps-20260817-100754
lame 3.100 linux aarch64 lame-3.100-linux-aarch64-adb30a3fe6f3.7z 10936d0476381bf56e8a8f79f6d08772026ede0fb2cf16ca76c289f9c274593f deps-20260817-100754
lame 3.100 linux x86_64 lame-3.100-linux-x86_64-36ed99ecf98d.7z 17ba16eb9d20de7474485a1b3aa81e07f63e8db18bb9e3b75f92b31f68619efc deps-20260817-100754
lame 3.100 macos aarch64 lame-3.100-macos-aarch64-8aef2f5b5943.7z 63fc268c385ec51e8017d62309e1db2e645780a283f287bda77ebda9ee231083 deps-20260817-100754
lame 3.100 macos universal lame-3.100-macos-universal-fa95113d2548.7z 136139b3b1c6cdad13a069e182b42d1f1ecff195fa315a6b56983aff43ee07f1 deps-20260817-100754
lame 3.100 macos x86_64 lame-3.100-macos-x86_64-58085e94104b.7z 6a698fafcfba3f814fa7f2ace60986002b3bb6adeadae7ef0ace7c0c9d6c7b46 deps-20260817-100754
lame 3.100 windows aarch64 lame-3.100-windows-aarch64-38306c0e455d.7z 6759d55a0e33d5a512e571a5502c735c6072c75ce095233308abae0f755b993a deps-20260817-100754
lame 3.100 windows x86_64 lame-3.100-windows-x86_64-dd3d8a499360.7z 2e40381c5d256658201cdd7a3879af2fdcf9301e72dc136e456c6d6e0f1aec83 deps-20260817-100754
libpng 1.6.50 linux aarch64 libpng-1.6.50-linux-aarch64-d3e00d5b6328.7z 3904959ecbb8d9cd3d88d0780304a29487ae1aad58701d30c71f93139ed0fbd6 deps-20260817-100754
libpng 1.6.50 linux x86_64 libpng-1.6.50-linux-x86_64-2e049170d893.7z ca73cf95490631d149c190099e2a2dd5779bb163d1cc6a33388885ed8a6f4454 deps-20260817-100754
libpng 1.6.50 macos aarch64 libpng-1.6.50-macos-aarch64-b3342578c0c4.7z 1207584af0a80e59b72333676ca357517a9ecc3115e929113adac741d217c741 deps-20260817-100754
libpng 1.6.50 macos universal libpng-1.6.50-macos-universal-c60c18c622e6.7z 3bd10067c52d82345fca3f979f9abd0fdb4b74878b88bc6bf8bf97357904bb2d deps-20260817-100754
libpng 1.6.50 macos x86_64 libpng-1.6.50-macos-x86_64-3e001fd77007.7z 5fbe8004a7e1cdcd9bed45958d5337ed3105652e7ba912e151ec27d297ec7096 deps-20260817-100754
libpng 1.6.50 windows aarch64 libpng-1.6.50-windows-aarch64-432d52abb246.7z 6fb4a54627cc5652f418b33b2c84040d9b8ed6a26f88a60c0a55a23eb171ef48 deps-20260817-100754
libpng 1.6.50 windows x86_64 libpng-1.6.50-windows-x86_64-2419c77bf77c.7z ad32a98cb63bc77c41848d6ffa4cf33fac4879610704c39c8bc235bf99903dae deps-20260817-100754
libsndfile 1.2.2 linux aarch64 libsndfile-1.2.2-linux-aarch64-5a7298f77d7b.7z 9a8b3b53e9b09ef2afbb495a48aaee5906a99251b34391b76c40006fa1e229c7 deps-20260817-100754
libsndfile 1.2.2 linux x86_64 libsndfile-1.2.2-linux-x86_64-f00069bb2eab.7z a93b94bc87f61f1aad2ad030ecfd71f7785c981243635e1d8a0dc3b50de91218 deps-20260817-100754
libsndfile 1.2.2 macos aarch64 libsndfile-1.2.2-macos-aarch64-c3595d8556d5.7z b7db166b276f15ccda069a8d56565492a0716c78aca3cf7e2cded2ae977856e9 deps-20260817-100754
libsndfile 1.2.2 macos universal libsndfile-1.2.2-macos-universal-a97a61a8ef91.7z 33e6853f5f9fd779d9549b6c39135d1da44b2d807a866880aeef3d24dcf42a7c deps-20260817-100754
libsndfile 1.2.2 macos x86_64 libsndfile-1.2.2-macos-x86_64-a1994d8d3691.7z 50fb59ab727ea1136fdea0372ad8906ef40a97cc93ff2d80aeeb753be84b5fe6 deps-20260817-100754
libsndfile 1.2.2 windows aarch64 libsndfile-1.2.2-windows-aarch64-a955db8cad9d.7z a0ddaa5ec95951d35b14e80b87caed8fc367c9a3689a7a4c6da3e4b8fe340867 deps-20260817-100754
libsndfile 1.2.2 windows x86_64 libsndfile-1.2.2-windows-x86_64-ad2e8940ee8d.7z a0b32b75e14ee0cbfea73f495e46dad44133558a2915584970c2630421ad6be5 deps-20260817-100754
mpg123 1.32.10 linux aarch64 mpg123-1.32.10-linux-aarch64-c2c12d7e076c.7z 5c366d15303b704bc631d599d46aa044fde9e9447552bdc05cec1be64cffdbc8 deps-20260817-100754
mpg123 1.32.10 linux x86_64 mpg123-1.32.10-linux-x86_64-aee96342a042.7z eec2d62a4584bfb92edf2e7111c7ee0acba76d86b8bfb05efb774063b298c29b deps-20260817-100754
mpg123 1.32.10 macos aarch64 mpg123-1.32.10-macos-aarch64-066bdc354c8d.7z 1db917e15e1df5ab4794d12bda2da2a3754c24741afd060896a1216a2a842675 deps-20260817-100754
mpg123 1.32.10 macos universal mpg123-1.32.10-macos-universal-24e103fdbe63.7z e378b25e20dfd25826c2881b2424ff14034765a513d479d17dd6d41cd1d2977d deps-20260817-100754
mpg123 1.32.10 macos x86_64 mpg123-1.32.10-macos-x86_64-097c2518fc96.7z 3a370c1787809735b3242b8ae24432a21c8178ca10363980dd612cb15ef654e3 deps-20260817-100754
mpg123 1.32.10 windows aarch64 mpg123-1.32.10-windows-aarch64-aa4876ff741a.7z 4c42a642668aef73445262539a88d80715a10e271a975dd718e422a9ddfd1ee2 deps-20260817-100754
mpg123 1.32.10 windows x86_64 mpg123-1.32.10-windows-x86_64-50861aaafcd6.7z 1f80ef5de2edefbc23c7782a8b6cc9ae11acc137d0f1b407b7bbeeafaab5ba19 deps-20260817-100754
msdfgen 1.12 linux aarch64 msdfgen-1.12-linux-aarch64-3877eb2a2390.7z 62406e1009eeb3b3ef8eccd632ca4eb52ff612c9e45579939d12966ca1610dd8 deps-20260817-100754
msdfgen 1.12 linux x86_64 msdfgen-1.12-linux-x86_64-d6a40369f99a.7z a7931c8ae2c3a665a5b3b57ef0a964082df595bf997dcfd078d3aad0f15adb82 deps-20260817-100754
msdfgen 1.12 macos aarch64 msdfgen-1.12-macos-aarch64-ed79bebc33c1.7z d7d4da858176a4597a9d44f1a8e74798bde82518d83f1daa49c3d19727848dfc deps-20260817-100754
msdfgen 1.12 macos universal msdfgen-1.12-macos-universal-a2a69444ff9d.7z eab836802d40951630db1b8f443f6792d4aacb27076aaef0a83182edd85c0702 deps-20260817-100754
msdfgen 1.12 macos x86_64 msdfgen-1.12-macos-x86_64-990d45b2034d.7z ede0c63db2d1aba9ba987f961e6dee3aaae424a2c0da646142c8ff9da6a1a020 deps-20260817-100754
msdfgen 1.12 windows aarch64 msdfgen-1.12-windows-aarch64-6f4703fcf5e9.7z c4941989eae368206ebec381231aac777f6a5174e6c7b3b42007ccf2db5e25c3 deps-20260817-100754
msdfgen 1.12 windows x86_64 msdfgen-1.12-windows-x86_64-6f5d7bb4d53c.7z 3c024f2603f474e144cd3b6df6f896c45316efa1c7af4a8771020ddea040334c deps-20260817-100754
nlohmann_json 3.12.0 linux aarch64 nlohmann_json-3.12.0-linux-aarch64-cf8fbce5b018.7z 6e9c97d4fb4f4dd466df99ed355a98a03ad39a95025de55f59f921440104ae88 deps-20260817-100754
nlohmann_json 3.12.0 linux x86_64 nlohmann_json-3.12.0-linux-x86_64-2297e474ff08.7z 3e8f92403e1c981a34cf47e471021644114214ab3ef0f5017abcd74c657beb55 deps-20260817-100754
nlohmann_json 3.12.0 macos aarch64 nlohmann_json-3.12.0-macos-aarch64-74c1cbb9ff36.7z a8c07c7434872e7a542820ee354b412f61e461a7d70f3cbbc9a9edd7f4b091de deps-20260817-100754
nlohmann_json 3.12.0 macos universal nlohmann_json-3.12.0-macos-universal-54a5df349d07.7z 57872da873a9eb1eb4944d75ba052c33563acbf7cacb82769efece77c0558e73 deps-20260817-100754
nlohmann_json 3.12.0 macos x86_64 nlohmann_json-3.12.0-macos-x86_64-0a8b870968d5.7z 961defa3b4681b1877171ccc06487e3ffb1887c9f00365216a28b4dc2e1ecd66 deps-20260817-100754
nlohmann_json 3.12.0 windows aarch64 nlohmann_json-3.12.0-windows-aarch64-f612ce7cd872.7z 305702cbcf68de903ae740cf5ebaa07e062c1368bb3dd1c73dec488bad01b6f4 deps-20260817-100754
nlohmann_json 3.12.0 windows x86_64 nlohmann_json-3.12.0-windows-x86_64-0f863d8a5701.7z 610d565af74f3c83f3a9d3e0b032ef264fb607895010ff3314464ae3e3346378 deps-20260817-100754
ogg 1.3.5 linux aarch64 ogg-1.3.5-linux-aarch64-ddc5c2964247.7z 6d33c9e0a62c38a379f13633b38ac0a20947905437a02381775fb1de62ae3338 deps-20260817-100754
ogg 1.3.5 linux x86_64 ogg-1.3.5-linux-x86_64-3ca708f74846.7z efba9ea113a90deda67eb68711d4d8b03c89f7d57196685dab756b1341e751e2 deps-20260817-100754
ogg 1.3.5 macos aarch64 ogg-1.3.5-macos-aarch64-731749840e1e.7z ef6979d9b24e294e4939b714a04725cd02af0ece4a2444dba1332cd0c9199dba deps-20260817-100754
ogg 1.3.5 macos universal ogg-1.3.5-macos-universal-313f4e29845d.7z 39d08679456af2f21823a656409a16499ffaa6c12c9002d272066a6d420926ac deps-20260817-100754
ogg 1.3.5 macos x86_64 ogg-1.3.5-macos-x86_64-9b62b98be32f.7z 560b20b78aeb93deadaa72ce423c9aaa1e9d1e0c2a79af50a6bd7799bda123fc deps-20260817-100754
ogg 1.3.5 windows aarch64 ogg-1.3.5-windows-aarch64-7da059f215a9.7z ea96c523224d52a092568acfa26592c3fc8676258cdda611b6c4eb0b8ca2bcd4 deps-20260817-100754
ogg 1.3.5 windows x86_64 ogg-1.3.5-windows-x86_64-4827f520ebc5.7z e33c3daa4628e6c0b93d31678d4be1e9e96ae7e4f3bb16ecac10bdaa9d02cf84 deps-20260817-100754
opus 1.5.2 linux aarch64 opus-1.5.2-linux-aarch64-7b0c306ca877.7z 4e44da5ae321aa44cba6b3b42e133b897dfaca7d57f361f93d2f50e9edb8c366 deps-20260817-100754
opus 1.5.2 linux x86_64 opus-1.5.2-linux-x86_64-d363544a027e.7z a24a887f744d2a178ba00b5bf751d60eb9ef883948d8d656b5a8bef0bc354dd7 deps-20260817-100754
opus 1.5.2 macos aarch64 opus-1.5.2-macos-aarch64-33e581cf9304.7z ca948a294d2f72b6226cb25c3e64b23dcd09b08af085eee1c28671fdebfd1768 deps-20260817-100754
opus 1.5.2 macos universal opus-1.5.2-macos-universal-60abb79b41ea.7z 5091af45437b1ba828471e94bbb3ab828c8eed16f48cf44f0e44ad3530daeaf9 deps-20260817-100754
opus 1.5.2 macos x86_64 opus-1.5.2-macos-x86_64-c2d157f8faeb.7z b53df0f8c31e2c3003d8cea7cd803d07cd30faeab7986e06fc7b95faa6de09f3 deps-20260817-100754
opus 1.5.2 windows aarch64 opus-1.5.2-windows-aarch64-3d0d8b42bfd3.7z 8052c5f49c9655357ab1749ca2860fc67d671df91159f67b49155e3dc838d6f9 deps-20260817-100754
opus 1.5.2 windows x86_64 opus-1.5.2-windows-x86_64-fe6bf40d1b60.7z f76ac2237e0124267e89566ad3d433b1c76fda32a373c58e738ed1dbc334124e deps-20260817-100754
opusenc 0.2.1 linux aarch64 opusenc-0.2.1-linux-aarch64-82c08b72c210.7z e3f38e92913e91ab020bbb2c5dc08ebdc7b9e494ab2903e98eed581fdb26d5cb deps-20260817-100754
opusenc 0.2.1 linux x86_64 opusenc-0.2.1-linux-x86_64-e7d933060e8e.7z 7ac4e61287e20c1a02429ec281d418ae4253a55bf3989b928c0aa7563e64fe73 deps-20260817-100754
opusenc 0.2.1 macos aarch64 opusenc-0.2.1-macos-aarch64-1e65d86e4bd6.7z 22c362bf0331770fe30e4578893470421c421564e9067127144cfbcd44e81fcc deps-20260817-100754
opusenc 0.2.1 macos universal opusenc-0.2.1-macos-universal-8226fe1055dd.7z f656de4c29a146287a89ccf23ef4c76c281435e4b644b22a3b1603b5e3e5e9f9 deps-20260817-100754
opusenc 0.2.1 macos x86_64 opusenc-0.2.1-macos-x86_64-aab2c9ba00af.7z 0208188ccfa54e1f24aee81c49caed269e2b3e21865dd6425c5a8c8b79a70a12 deps-20260817-100754
opusenc 0.2.1 windows aarch64 opusenc-0.2.1-windows-aarch64-718304c3559a.7z 5ae1225ce11086ee08c481eff7aca7cd9a923dcf88c39c6a38b3f1419d48b3e5 deps-20260817-100754
opusenc 0.2.1 windows x86_64 opusenc-0.2.1-windows-x86_64-cf28ebcb04d3.7z 21942c09e06975824e879870b87a00f407653b64e6a0718886e0360bb8a0eddf deps-20260817-100754
opusfile 0.12 linux aarch64 opusfile-0.12-linux-aarch64-c0ae7d6f5d7d.7z 38dad60f6efd7440c3e3049011c7dff8fa692ca2f17eb3dbcdfa5e05d4482da9 deps-20260817-100754
opusfile 0.12 linux x86_64 opusfile-0.12-linux-x86_64-89ae4ce10ef7.7z 7e704303e9f137c4c0f701bf485f27975922956134f7949a6cd53c1746634154 deps-20260817-100754
opusfile 0.12 macos aarch64 opusfile-0.12-macos-aarch64-90bdef113e65.7z 355fb009e66d650914776757d3fea7983b70f57bf6aa2403f3381cdfe83f6f18 deps-20260817-100754
opusfile 0.12 macos universal opusfile-0.12-macos-universal-ede691a1a68b.7z 055198e7f24336a0d3546a4e609cb1b2ff28856eab3a16652a3f87dd73c80f56 deps-20260817-100754
opusfile 0.12 macos x86_64 opusfile-0.12-macos-x86_64-e0d9d2dab1fa.7z 954cd768d9fd99ea3feb6865d85c76a827addd1300bc30d829c240fef424792d deps-20260817-100754
opusfile 0.12 windows aarch64 opusfile-0.12-windows-aarch64-b08bd4003fec.7z a43ffe056e76e93beae583c3335e9174287091827c1ef0ddb9327021d92afc21 deps-20260817-100754
opusfile 0.12 windows x86_64 opusfile-0.12-windows-x86_64-669b0d7e967f.7z f864651d6c14c5b6296e388e13fde8dd10bfaff80567b4f475817181898b7f7c deps-20260817-100754
pipewire 1.6.7 linux aarch64 pipewire-1.6.7-linux-aarch64-492c2b249b24.7z c562ecc0540d9778b5f4909a07cf90ddaab0352ac697f94e37d47c6e7c081f21 deps-20260817-100754
pipewire 1.6.7 linux x86_64 pipewire-1.6.7-linux-x86_64-ac9e309c8f06.7z 1a98110f39a5eeb0de1b50968a4a695fff1597272d5d8eca96b65d6bed7514f7 deps-20260817-100754
portaudio 19.7.0 linux aarch64 portaudio-19.7.0-linux-aarch64-751e5f40ecc4.7z 85ad8b3db09a56fef60849c2d62ba0b3aeee1994f9e3a9ad4d3120bf32613d3b deps-20260817-100754
portaudio 19.7.0 linux x86_64 portaudio-19.7.0-linux-x86_64-dbe32e6b8aff.7z 356094cc3ca4bbdc311cd0433534110ae4fad7c446c2f744c3e89b4d18dd42da deps-20260817-100754
portaudio 19.7.0 macos aarch64 portaudio-19.7.0-macos-aarch64-b8c74d9ba293.7z 3d02936fb223998c65b7b2571c5223c00ba37c8028aeba5b27e16609bdec000a deps-20260817-100754
portaudio 19.7.0 macos universal portaudio-19.7.0-macos-universal-f55a416fa234.7z 7061b82a0b4ceed5b506a4570d231bf895bbe4c78b85c70eba8b7c25821595a5 deps-20260817-100754
portaudio 19.7.0 macos x86_64 portaudio-19.7.0-macos-x86_64-20100643d76f.7z e3b167e8be81194436159b7354d9a25d8b9f6d16bf2a91217cb2783a6176411f deps-20260817-100754
portaudio 19.7.0 windows aarch64 portaudio-19.7.0-windows-aarch64-60b654b2b667.7z a86f667278361c3ebfcb347b64b8238ef5491fb20343ce0ac559496a149ea132 deps-20260817-100754
portaudio 19.7.0 windows x86_64 portaudio-19.7.0-windows-x86_64-7698ba6a6f8f.7z 272007b736b3e1f0aca2a61e8b888ef89151c36193522c6397d8ca10b8736692 deps-20260817-100754
uncrustify 0.74.0 linux aarch64 uncrustify-0.74.0-linux-aarch64-ed9fcde4d23f.7z 661bce24d5d5c3457346c201364be6abd6ea61e6f1c1e70ae53564b50409fbab deps-20260817-100754
uncrustify 0.74.0 linux x86_64 uncrustify-0.74.0-linux-x86_64-dc3c70e95a1a.7z 414e740d43704c92928e1a0e8dde575fa1ce52827f000357439330f1f05ef628 deps-20260817-100754
uncrustify 0.74.0 macos aarch64 uncrustify-0.74.0-macos-aarch64-27044baad2c7.7z fb852912dec352493dc34438b80689da72d03df293540c4c797ef77b6adb52fe deps-20260817-100754
uncrustify 0.74.0 macos universal uncrustify-0.74.0-macos-universal-3b950b12de8c.7z 7e2a4c3fc741dadb917632453c863d41d62fc96da6d77b0e0f1496a4e65cc979 deps-20260817-100754
uncrustify 0.74.0 macos x86_64 uncrustify-0.74.0-macos-x86_64-3fbdcd2a8d50.7z f41360e52e3d0b55bfe8789dd91b74399e174846da07fbd20b2f40cdad9ebf4f deps-20260817-100754
uncrustify 0.74.0 windows aarch64 uncrustify-0.74.0-windows-aarch64-2133479b9b87.7z bc4f80a0c16e17612de4fb1904e3acce8f05397018f88b646c315138bc846cf6 deps-20260817-100754
uncrustify 0.74.0 windows x86_64 uncrustify-0.74.0-windows-x86_64-c906d5e9a582.7z 250bfcd0a4a9bfab3512191fb87cd0eb5c6c9d927805ff1c0e8f45ff4976c411 deps-20260817-100754
vorbis 1.3.7 linux aarch64 vorbis-1.3.7-linux-aarch64-52f4fa195a80.7z e0f0091f69df3645178e9d4c78e6c2319071f0502bf671878b101f8c7a60d838 deps-20260817-100754
vorbis 1.3.7 linux x86_64 vorbis-1.3.7-linux-x86_64-b15bdb2d6564.7z d1e5d9caf967b4780625f3bea1a09a10fbcb85fa266f09f1c33011e15635ff04 deps-20260817-100754
vorbis 1.3.7 macos aarch64 vorbis-1.3.7-macos-aarch64-011738b877b8.7z 74b76333eb54057fb91f3bacda2f947448df79766bcb971f5b8836cc3e9397cd deps-20260817-100754
vorbis 1.3.7 macos universal vorbis-1.3.7-macos-universal-ecd1da69d339.7z 64ff591ecd8ed1e86a50a6931f43e32fdcab20ee4c051d171170b4c07472d967 deps-20260817-100754
vorbis 1.3.7 macos x86_64 vorbis-1.3.7-macos-x86_64-063649953150.7z c665e308d53a847273de2811115f1e4e272496c14ba56d10046d563758d6ff3c deps-20260817-100754
vorbis 1.3.7 windows aarch64 vorbis-1.3.7-windows-aarch64-de3ca7fee683.7z c5dbb7ad3546d6ce0c72824f5ae1a7e09c29e41f697d7745d7c74a9f4fe1f5cb deps-20260817-100754
vorbis 1.3.7 windows x86_64 vorbis-1.3.7-windows-x86_64-6e8266383b57.7z 668508a6f22fb01f8b2c9d47fa6ee96a6e1da8186c32e6adb3761bb46b9d5595 deps-20260817-100754
wavpack 5.7.0 linux aarch64 wavpack-5.7.0-linux-aarch64-c593a95a6430.7z 6250f2613ea370210f5b09e12c9a514e2152f8e90fdaa47490a823c36dc57814 deps-20260817-100754
wavpack 5.7.0 linux x86_64 wavpack-5.7.0-linux-x86_64-e675ae59c2f3.7z da3d8851ea2a8bb4334d1868c89f45675ab205cc3cc851e986737126c5003b36 deps-20260817-100754
wavpack 5.7.0 macos aarch64 wavpack-5.7.0-macos-aarch64-6bfa45b0c527.7z 8023f1a2f66d8626a621b0b04daaf4a6b9052e5dfeeda576ecad7dc4e39908d1 deps-20260817-100754
wavpack 5.7.0 macos universal wavpack-5.7.0-macos-universal-20afe63fa9c1.7z 94f9b8c49455322125bf0bdded54002eb913c315487f8c324f9a3a9cbc915947 deps-20260817-100754
wavpack 5.7.0 macos x86_64 wavpack-5.7.0-macos-x86_64-62b32fdef20a.7z 12ca55f136283345f5268904a0e0c521521d0001d3448f97c9724ac8c6eb3c81 deps-20260817-100754
wavpack 5.7.0 windows aarch64 wavpack-5.7.0-windows-aarch64-e147debfcc69.7z 43a4975aaeac07149eb9088de99645eb217a8992d0a861df220b8b8778dbc817 deps-20260817-100754
wavpack 5.7.0 windows x86_64 wavpack-5.7.0-windows-x86_64-ed57d641830d.7z 243fd765a4e98dc631d934393dd93790e52a235043948ea7f75908d2db1de557 deps-20260817-100754
wxwidgets 3.2.6 linux aarch64 wxwidgets-3.2.6-linux-aarch64-529c29148b53.7z f63611863af88d1b98545e2c9fd5cb1b3a53b08b1c63624c349e8e1967f09b57 deps-20260817-100754
wxwidgets 3.2.6 linux x86_64 wxwidgets-3.2.6-linux-x86_64-5d9933ca7858.7z 21694f043caf9411f4cafcf3f4b29c728a79a0494d91fca463901d8f71338f14 deps-20260817-100754
wxwidgets 3.2.6 macos aarch64 wxwidgets-3.2.6-macos-aarch64-5a8168e1bd1e.7z 3b1b6dcdab346e5eb97d3591de350140ab5e6aeb5ed53404cbfb01cb93aa5189 deps-20260817-100754
wxwidgets 3.2.6 macos universal wxwidgets-3.2.6-macos-universal-9effb5e3060a.7z 5e133d7d78429e48504e0676361c1d7beb3bfda12f11f56bb15bae1255de646f deps-20260817-100754
wxwidgets 3.2.6 macos x86_64 wxwidgets-3.2.6-macos-x86_64-29aa8220dcd1.7z bcd987a5e937b11beb03b3324bed0a533b24c4367aca0857e0207fc7165125c4 deps-20260817-100754
wxwidgets 3.2.6 windows aarch64 wxwidgets-3.2.6-windows-aarch64-17693a40bdfc.7z 7fdcee4616c43b2ac6eb28809125bb6aa1bc56cc8261d423339dadaf86bf0b8d deps-20260817-100754
wxwidgets 3.2.6 windows x86_64 wxwidgets-3.2.6-windows-x86_64-27c91b26ab2b.7z 89009dfdb5545cf4258844c156a6d70b056cc317e1aabcfe42b8d16dfa34b6af deps-20260817-100754
yasm 1.3.0 windows x86_64 yasm-1.3.0-windows-x86_64-d063a99156ea.7z 91446ca8118055f1a9f3c92e26f0486e809863375b3c5364361823f5dcf52226 deps-20260817-100754
zlib 1.3.1 linux aarch64 zlib-1.3.1-linux-aarch64-2e837327a69d.7z 6eb043e4daa9f4ab0ac16206edf64642dd807a9818cb441d7719932656b4dbe0 deps-20260817-100754
zlib 1.3.1 linux x86_64 zlib-1.3.1-linux-x86_64-3f45fc9779c1.7z 7ff603f2fded88625cbea56fa22e00e19f25e666a363dc13b1253b650bd4f1a5 deps-20260817-100754
zlib 1.3.1 macos aarch64 zlib-1.3.1-macos-aarch64-ef023962c33f.7z 4b4facd96bd365403335e08d7373c810dbb57b8cfb36e4059657f1380967185d deps-20260817-100754
zlib 1.3.1 macos universal zlib-1.3.1-macos-universal-2cb395d78f48.7z 3f31f808d577320c8868ac225ed0b1b3ef935c26ce5479673bc1650754082271 deps-20260817-100754
zlib 1.3.1 macos x86_64 zlib-1.3.1-macos-x86_64-7427cb06ffe5.7z 4e645d24655b50edd9f571923ccdd7f98438ace30a7fd64c9ba3060c833237a6 deps-20260817-100754
zlib 1.3.1 windows aarch64 zlib-1.3.1-windows-aarch64-ee7b51e2d591.7z 4c6b29ef0214e9853309e57126e80fb1ab6fb4ff9dd01a0ebd2666b820e1d977 deps-20260817-100754
zlib 1.3.1 windows x86_64 zlib-1.3.1-windows-x86_64-d592736a4b79.7z 8a965c4522ad873ead2efb78039a85dd3b1f7c71a3e8c4ae6856e113ac7c84c4 deps-20260817-100754
